
Microsoft Visual Studio Solution File, Format Version 12.00
# Visual Studio Version 17
VisualStudioVersion = 17.7.34031.279
MinimumVisualStudioVersion = 10.0.40219.1
Project("{FAE04EC0-301F-11D3-BF4B-00C04F79EFBC}") = "Bytebank", "Bytebank\Bytebank.csproj", "{DCDC196B-B8C2-475F-82D4-2BBE438A7166}"
EndProject
Global
	GlobalSection(SolutionConfigurationPlatforms) = preSolution
		Debug|Any CPU = Debug|Any CPU
		Release|Any CPU = Release|Any CPU
	EndGlobalSection
	GlobalSection(ProjectConfigurationPlatforms) = postSolution
		{DCDC196B-B8C2-475F-82D4-2BBE438A7166}.Debug|Any CPU.ActiveCfg = Debug|Any CPU
		{DCDC196B-B8C2-475F-82D4-2BBE438A7166}.Debug|Any CPU.Build.0 = Debug|Any CPU
		{DCDC196B-B8C2-475F-82D4-2BBE438A7166}.Release|Any CPU.ActiveCfg = Release|Any CPU
		{DCDC196B-B8C2-475F-82D4-2BBE438A7166}.Release|Any CPU.Build.0 = Release|Any CPU
	EndGlobalSection
	GlobalSection(SolutionProperties) = preSolution
		HideSolutionNode = FALSE
	EndGlobalSection
	GlobalSection(ExtensibilityGlobals) = postSolution
		SolutionGuid = {2CE59D10-32C6-4EE1-9F73-E68B58E03DFE}
	EndGlobalSection
EndGlobal
